<Solution>
  <Folder Name="/src/" />
  <Folder Name="/src/Host/">
    <Project Path="src/Host/WebApi/WebApi.csproj" />
  </Folder>
  <Folder Name="/src/Modules/">
    <Project Path="src/Modules/Tasks/Tasks.csproj" />
    <Project Path="src/Modules/Users/Users.csproj" />
  </Folder>
  <Folder Name="/src/Shared/">
    <Project Path="src/Shared/Shared.Infra/Shared.Infra.csproj" />
  </Folder>
</Solution>
